
Microsoft Visual Studio Solution File, Format Version 12.00
# Visual Studio Version 17
VisualStudioVersion = 17.5.002.0
MinimumVisualStudioVersion = 10.0.40219.1
Project("{2150E333-8FDC-42A3-9474-1A3956D46DE8}") = "samples", "samples", "{5F4D77C7-E91E-43D0-BFDC-8B2FAB9EE2EA}"
EndProject
Project("{9A19103F-16F7-4668-BE54-9A1E7A4F7556}") = "aws", "samples\aws\aws.csproj", "{8A72EC28-7665-4272-AE93-6016C2B30E15}"
EndProject
Project("{2150E333-8FDC-42A3-9474-1A3956D46DE8}") = "dapr", "dapr", "{14DB4013-27E0-4E68-949B-912F17C27A03}"
EndProject
Project("{9A19103F-16F7-4668-BE54-9A1E7A4F7556}") = "ui", "samples\dapr\ui\ui.csproj", "{1667EA40-BACC-4BBD-ABC7-564BFD12C06F}"
EndProject
Global
	GlobalSection(SolutionConfigurationPlatforms) = preSolution
		Debug|Any CPU = Debug|Any CPU
		Release|Any CPU = Release|Any CPU
	EndGlobalSection
	GlobalSection(ProjectConfigurationPlatforms) = postSolution
		{8A72EC28-7665-4272-AE93-6016C2B30E15}.Debug|Any CPU.ActiveCfg = Debug|Any CPU
		{8A72EC28-7665-4272-AE93-6016C2B30E15}.Debug|Any CPU.Build.0 = Debug|Any CPU
		{8A72EC28-7665-4272-AE93-6016C2B30E15}.Release|Any CPU.ActiveCfg = Release|Any CPU
		{8A72EC28-7665-4272-AE93-6016C2B30E15}.Release|Any CPU.Build.0 = Release|Any CPU
		{1667EA40-BACC-4BBD-ABC7-564BFD12C06F}.Debug|Any CPU.ActiveCfg = Debug|Any CPU
		{1667EA40-BACC-4BBD-ABC7-564BFD12C06F}.Debug|Any CPU.Build.0 = Debug|Any CPU
		{1667EA40-BACC-4BBD-ABC7-564BFD12C06F}.Release|Any CPU.ActiveCfg = Release|Any CPU
		{1667EA40-BACC-4BBD-ABC7-564BFD12C06F}.Release|Any CPU.Build.0 = Release|Any CPU
	EndGlobalSection
	GlobalSection(SolutionProperties) = preSolution
		HideSolutionNode = FALSE
	EndGlobalSection
	GlobalSection(NestedProjects) = preSolution
		{8A72EC28-7665-4272-AE93-6016C2B30E15} = {5F4D77C7-E91E-43D0-BFDC-8B2FAB9EE2EA}
		{14DB4013-27E0-4E68-949B-912F17C27A03} = {5F4D77C7-E91E-43D0-BFDC-8B2FAB9EE2EA}
		{1667EA40-BACC-4BBD-ABC7-564BFD12C06F} = {14DB4013-27E0-4E68-949B-912F17C27A03}
	EndGlobalSection
	GlobalSection(ExtensibilityGlobals) = postSolution
		SolutionGuid = {91EF1FA1-98A6-473F-93DC-7DE0ED9ADFB7}
	EndGlobalSection
EndGlobal
