{
  "name": "playwright-tests",
  "version": "1.0.0",
  "lockfileVersion": 3,
  "requires": true,
  "packages": {
    "": {
      "name": "playwright-tests",
      "version": "1.0.0",
      "license": "ISC",
      "dependencies": {
        "uuid": "^12.0.0"
      },
      "devDependencies": {
        "@playwright/test": "^1.55.0",
        "@types/node": "^24.3.1",
        "@types/uuid": "^10.0.0",
        "typescript": "^5.9.2"
      }
    },
    "node_modules/@playwright/test": {
      "version": "1.55.0",
      "resolved": "https://registry.npmjs.org/@playwright/test/-/test-1.55.0.tgz",
      "integrity": "sha512-04IXzPwHrW69XusN/SIdDdKZBzMfOT9UNT/YiJit/xpy2VuAoB8NHc8Aplb96zsWDddLnbkPL3TsmrS04ZU2xQ==",
      "dev": true,
      "dependencies": {
        "playwright": "1.55.0"
      },
      "bin": {
        "playwright": "cli.js"
      },
      "engines": {
        "node": ">=18"
      }
    },
    "node_modules/@types/node": {
      "version": "24.3.1",
      "resolved": "https://registry.npmjs.org/@types/node/-/node-24.3.1.tgz",
      "integrity": "sha512-3vXmQDXy+woz+gnrTvuvNrPzekOi+Ds0ReMxw0LzBiK3a+1k0kQn9f2NWk+lgD4rJehFUmYy2gMhJ2ZI+7YP9g==",
      "dev": true,
      "dependencies": {
        "undici-types": "~7.10.0"
      }
    },
    "node_modules/@types/uuid": {
      "version": "10.0.0",
      "resolved": "https://registry.npmjs.org/@types/uuid/-/uuid-10.0.0.tgz",
      "integrity": "sha512-7gqG38EyHgyP1S+7+xomFtL+ZNHcKv6DwNaCZmJmo1vgMugyF3TCnXVg4t1uk89mLNwnLtnY3TpOpCOyp1/xHQ==",
      "dev": true,
      "license": "MIT"
    },
    "node_modules/fsevents": {
      "version": "2.3.2",
      "resolved": "https://registry.npmjs.org/fsevents/-/fsevents-2.3.2.tgz",
      "integrity": "sha512-xiqMQR4xAeHTuB9uWm+fFRcIOgKBMiOBP+eXiyT7jsgVCq1bkVygt00oASowB7EdtpOHaaPgKt812P9ab+DDKA==",
      "dev": true,
      "hasInstallScript": true,
      "optional": true,
      "os": [
        "darwin"
      ],
      "engines": {
        "node": "^8.16.0 || ^10.6.0 || >=11.0.0"
      }
    },
    "node_modules/playwright": {
      "version": "1.55.0",
      "resolved": "https://registry.npmjs.org/playwright/-/playwright-1.55.0.tgz",
      "integrity": "sha512-sdCWStblvV1YU909Xqx0DhOjPZE4/5lJsIS84IfN9dAZfcl/CIZ5O8l3o0j7hPMjDvqoTF8ZUcc+i/GL5erstA==",
      "dev": true,
      "dependencies": {
        "playwright-core": "1.55.0"
      },
      "bin": {
        "playwright": "cli.js"
      },
      "engines": {
        "node": ">=18"
      },
      "optionalDependencies": {
        "fsevents": "2.3.2"
      }
    },
    "node_modules/playwright-core": {
      "version": "1.55.0",
      "resolved": "https://registry.npmjs.org/playwright-core/-/playwright-core-1.55.0.tgz",
      "integrity": "sha512-GvZs4vU3U5ro2nZpeiwyb0zuFaqb9sUiAJuyrWpcGouD8y9/HLgGbNRjIph7zU9D3hnPaisMl9zG9CgFi/biIg==",
      "dev": true,
      "bin": {
        "playwright-core": "cli.js"
      },
      "engines": {
        "node": ">=18"
      }
    },
    "node_modules/typescript": {
      "version": "5.9.2",
      "resolved": "https://registry.npmjs.org/typescript/-/typescript-5.9.2.tgz",
      "integrity": "sha512-CWBzXQrc/qOkhidw1OzBTQuYRbfyxDXJMVJ1XNwUHGROVmuaeiEm3OslpZ1RV96d7SKKjZKrSJu3+t/xlw3R9A==",
      "dev": true,
      "bin": {
        "tsc": "bin/tsc",
        "tsserver": "bin/tsserver"
      },
      "engines": {
        "node": ">=14.17"
      }
    },
    "node_modules/undici-types": {
      "version": "7.10.0",
      "resolved": "https://registry.npmjs.org/undici-types/-/undici-types-7.10.0.tgz",
      "integrity": "sha512-t5Fy/nfn+14LuOc2KNYg75vZqClpAiqscVvMygNnlsHBFpSXdJaYtXMcdNLpl/Qvc3P2cB3s6lOV51nqsFq4ag==",
      "dev": true
    },
    "node_modules/uuid": {
      "version": "12.0.0",
      "resolved": "https://registry.npmjs.org/uuid/-/uuid-12.0.0.tgz",
      "integrity": "sha512-USe1zesMYh4fjCA8ZH5+X5WIVD0J4V1Jksm1bFTVBX2F/cwSXt0RO5w/3UXbdLKmZX65MiWV+hwhSS8p6oBTGA==",
      "funding": [
        "https://github.com/sponsors/broofa",
        "https://github.com/sponsors/ctavan"
      ],
      "bin": {
        "uuid": "dist/bin/uuid"
      }
    }
  }
}
